
Microsoft Visual Studio Solution File, Format Version 12.00
# Visual Studio Version 16
VisualStudioVersion = 16.0.29201.188
MinimumVisualStudioVersion = 10.0.40219.1
Project("{8BC9CEB8-8B4A-11D0-8D11-00A0C91BC942}") = "bandeira_brasil", "bandeira_brasil.vcxproj", "{BA71359F-4A8F-4533-A01E-46BDE237CD65}"
EndProject
Global
	GlobalSection(SolutionConfigurationPlatforms) = preSolution
		Debug|x64 = Debug|x64
		Debug|x86 = Debug|x86
		Release|x64 = Release|x64
		Release|x86 = Release|x86
	EndGlobalSection
	GlobalSection(ProjectConfigurationPlatforms) = postSolution
		{BA71359F-4A8F-4533-A01E-46BDE237CD65}.Debug|x64.ActiveCfg = Debug|x64
		{BA71359F-4A8F-4533-A01E-46BDE237CD65}.Debug|x64.Build.0 = Debug|x64
		{BA71359F-4A8F-4533-A01E-46BDE237CD65}.Debug|x86.ActiveCfg = Debug|Win32
		{BA71359F-4A8F-4533-A01E-46BDE237CD65}.Debug|x86.Build.0 = Debug|Win32
		{BA71359F-4A8F-4533-A01E-46BDE237CD65}.Release|x64.ActiveCfg = Release|x64
		{BA71359F-4A8F-4533-A01E-46BDE237CD65}.Release|x64.Build.0 = Release|x64
		{BA71359F-4A8F-4533-A01E-46BDE237CD65}.Release|x86.ActiveCfg = Release|Win32
		{BA71359F-4A8F-4533-A01E-46BDE237CD65}.Release|x86.Build.0 = Release|Win32
	EndGlobalSection
	GlobalSection(SolutionProperties) = preSolution
		HideSolutionNode = FALSE
	EndGlobalSection
	GlobalSection(ExtensibilityGlobals) = postSolution
		SolutionGuid = {B243F2CA-71EB-4E8B-86FD-6DCEE3E69D97}
	EndGlobalSection
EndGlobal
